
Microsoft Visual Studio Solution File, Format Version 12.00
# Visual Studio Version 17
VisualStudioVersion = 17.9.34714.143
MinimumVisualStudioVersion = 10.0.40219.1
Project("{FAE04EC0-301F-11D3-BF4B-00C04F79EFBC}") = "ConsoleApp1", "ConsoleApp1\ConsoleApp1.csproj", "{AF2EBFD6-8E3A-4624-82DC-5A30197DA28F}"
EndProject
Global
	GlobalSection(SolutionConfigurationPlatforms) = preSolution
		Debug|Any CPU = Debug|Any CPU
		Release|Any CPU = Release|Any CPU
	EndGlobalSection
	GlobalSection(ProjectConfigurationPlatforms) = postSolution
		{AF2EBFD6-8E3A-4624-82DC-5A30197DA28F}.Debug|Any CPU.ActiveCfg = Debug|Any CPU
		{AF2EBFD6-8E3A-4624-82DC-5A30197DA28F}.Debug|Any CPU.Build.0 = Debug|Any CPU
		{AF2EBFD6-8E3A-4624-82DC-5A30197DA28F}.Release|Any CPU.ActiveCfg = Release|Any CPU
		{AF2EBFD6-8E3A-4624-82DC-5A30197DA28F}.Release|Any CPU.Build.0 = Release|Any CPU
	EndGlobalSection
	GlobalSection(SolutionProperties) = preSolution
		HideSolutionNode = FALSE
	EndGlobalSection
	GlobalSection(ExtensibilityGlobals) = postSolution
		SolutionGuid = {491D257E-B0C5-4C70-A522-6F03DA108AE0}
	EndGlobalSection
EndGlobal
