
Microsoft Visual Studio Solution File, Format Version 12.00
# Visual Studio Version 17
VisualStudioVersion = 17.9.34714.143
MinimumVisualStudioVersion = 10.0.40219.1
Project("{FAE04EC0-301F-11D3-BF4B-00C04F79EFBC}") = "9.UKOL", "9.UKOL\9.UKOL.csproj", "{629050F0-EE52-43B4-A17A-BA97541A74A6}"
EndProject
Global
	GlobalSection(SolutionConfigurationPlatforms) = preSolution
		Debug|Any CPU = Debug|Any CPU
		Release|Any CPU = Release|Any CPU
	EndGlobalSection
	GlobalSection(ProjectConfigurationPlatforms) = postSolution
		{629050F0-EE52-43B4-A17A-BA97541A74A6}.Debug|Any CPU.ActiveCfg = Debug|Any CPU
		{629050F0-EE52-43B4-A17A-BA97541A74A6}.Debug|Any CPU.Build.0 = Debug|Any CPU
		{629050F0-EE52-43B4-A17A-BA97541A74A6}.Release|Any CPU.ActiveCfg = Release|Any CPU
		{629050F0-EE52-43B4-A17A-BA97541A74A6}.Release|Any CPU.Build.0 = Release|Any CPU
	EndGlobalSection
	GlobalSection(SolutionProperties) = preSolution
		HideSolutionNode = FALSE
	EndGlobalSection
	GlobalSection(ExtensibilityGlobals) = postSolution
		SolutionGuid = {5F502B14-5BB9-441C-AB5F-8C8D046426FD}
	EndGlobalSection
EndGlobal
